
Microsoft Visual Studio Solution File, Format Version 12.00
# Visual Studio 15
VisualStudioVersion = 15.0.28307.329
MinimumVisualStudioVersion = 10.0.40219.1
Project("{FAE04EC0-301F-11D3-BF4B-00C04F79EFBC}") = "PDFCombiner", "PDFCombiner\PDFCombiner.csproj", "{2958CE3F-65FF-4B73-B070-BC07E7233586}"
EndProject
Project("{FAE04EC0-301F-11D3-BF4B-00C04F79EFBC}") = "PDFCombinerTests", "PDFCombinerTests\PDFCombinerTests.csproj", "{AA4F39DC-AF6A-4F16-88BA-EC341BB0F63E}"
EndProject
Global
	GlobalSection(SolutionConfigurationPlatforms) = preSolution
		Debug|Any CPU = Debug|Any CPU
		Release|Any CPU = Release|Any CPU
	EndGlobalSection
	GlobalSection(ProjectConfigurationPlatforms) = postSolution
		{2958CE3F-65FF-4B73-B070-BC07E7233586}.Debug|Any CPU.ActiveCfg = Debug|Any CPU
		{2958CE3F-65FF-4B73-B070-BC07E7233586}.Debug|Any CPU.Build.0 = Debug|Any CPU
		{2958CE3F-65FF-4B73-B070-BC07E7233586}.Release|Any CPU.ActiveCfg = Release|Any CPU
		{2958CE3F-65FF-4B73-B070-BC07E7233586}.Release|Any CPU.Build.0 = Release|Any CPU
		{AA4F39DC-AF6A-4F16-88BA-EC341BB0F63E}.Debug|Any CPU.ActiveCfg = Debug|Any CPU
		{AA4F39DC-AF6A-4F16-88BA-EC341BB0F63E}.Debug|Any CPU.Build.0 = Debug|Any CPU
		{AA4F39DC-AF6A-4F16-88BA-EC341BB0F63E}.Release|Any CPU.ActiveCfg = Release|Any CPU
		{AA4F39DC-AF6A-4F16-88BA-EC341BB0F63E}.Release|Any CPU.Build.0 = Release|Any CPU
	EndGlobalSection
	GlobalSection(SolutionProperties) = preSolution
		HideSolutionNode = FALSE
	EndGlobalSection
	GlobalSection(ExtensibilityGlobals) = postSolution
		SolutionGuid = {FB2FEB44-D27C-4C83-9509-EA06AE1E6C91}
	EndGlobalSection
EndGlobal
